
Microsoft Visual Studio Solution File, Format Version 12.00
# Visual Studio Version 17
VisualStudioVersion = 17.2.32630.192
MinimumVisualStudioVersion = 10.0.40219.1
Project("{FAE04EC0-301F-11D3-BF4B-00C04F79EFBC}") = "RansomwareTest", "RansomwareTest.csproj", "{8936DE48-6A3B-4DD5-89ED-C06F76C52035}"
EndProject
Global
	GlobalSection(SolutionConfigurationPlatforms) = preSolution
		Debug|Any CPU = Debug|Any CPU
		Release|Any CPU = Release|Any CPU
	EndGlobalSection
	GlobalSection(ProjectConfigurationPlatforms) = postSolution
		{8936DE48-6A3B-4DD5-89ED-C06F76C52035}.Debug|Any CPU.ActiveCfg = Debug|Any CPU
		{8936DE48-6A3B-4DD5-89ED-C06F76C52035}.Debug|Any CPU.Build.0 = Debug|Any CPU
		{8936DE48-6A3B-4DD5-89ED-C06F76C52035}.Release|Any CPU.ActiveCfg = Release|Any CPU
		{8936DE48-6A3B-4DD5-89ED-C06F76C52035}.Release|Any CPU.Build.0 = Release|Any CPU
	EndGlobalSection
	GlobalSection(SolutionProperties) = preSolution
		HideSolutionNode = FALSE
	EndGlobalSection
	GlobalSection(ExtensibilityGlobals) = postSolution
		SolutionGuid = {C2E7CEE0-A37F-4D61-93E5-2510740AC0E2}
	EndGlobalSection
EndGlobal
